
Microsoft Visual Studio Solution File, Format Version 12.00
# Visual Studio Version 16
VisualStudioVersion = 16.0.29709.97
MinimumVisualStudioVersion = 10.0.40219.1
Project("{FAE04EC0-301F-11D3-BF4B-00C04F79EFBC}") = "Reg", "Reg\Reg.csproj", "{D2DCD826-60FF-4EC7-B341-FDE9298CF60F}"
EndProject
Global
	GlobalSection(SolutionConfigurationPlatforms) = preSolution
		Debug|Any CPU = Debug|Any CPU
		Release|Any CPU = Release|Any CPU
	EndGlobalSection
	GlobalSection(ProjectConfigurationPlatforms) = postSolution
		{D2DCD826-60FF-4EC7-B341-FDE9298CF60F}.Debug|Any CPU.ActiveCfg = Debug|Any CPU
		{D2DCD826-60FF-4EC7-B341-FDE9298CF60F}.Debug|Any CPU.Build.0 = Debug|Any CPU
		{D2DCD826-60FF-4EC7-B341-FDE9298CF60F}.Release|Any CPU.ActiveCfg = Release|Any CPU
		{D2DCD826-60FF-4EC7-B341-FDE9298CF60F}.Release|Any CPU.Build.0 = Release|Any CPU
	EndGlobalSection
	GlobalSection(SolutionProperties) = preSolution
		HideSolutionNode = FALSE
	EndGlobalSection
	GlobalSection(ExtensibilityGlobals) = postSolution
		SolutionGuid = {386531F8-50D7-4C1F-9DD8-BA6D807AC0FB}
	EndGlobalSection
EndGlobal
